
Microsoft Visual Studio Solution File, Format Version 12.00
# Visual Studio Version 17
VisualStudioVersion = 17.0.32014.148
MinimumVisualStudioVersion = 10.0.40219.1
Project("{FAE04EC0-301F-11D3-BF4B-00C04F79EFBC}") = "QuanLyDienThoai", "QuanLyDienThoai\QuanLyDienThoai.csproj", "{93F51637-570A-4CA9-9707-CBD9E28CDAC8}"
EndProject
Global
	GlobalSection(SolutionConfigurationPlatforms) = preSolution
		Debug|Any CPU = Debug|Any CPU
		Release|Any CPU = Release|Any CPU
	EndGlobalSection
	GlobalSection(ProjectConfigurationPlatforms) = postSolution
		{93F51637-570A-4CA9-9707-CBD9E28CDAC8}.Debug|Any CPU.ActiveCfg = Debug|Any CPU
		{93F51637-570A-4CA9-9707-CBD9E28CDAC8}.Debug|Any CPU.Build.0 = Debug|Any CPU
		{93F51637-570A-4CA9-9707-CBD9E28CDAC8}.Release|Any CPU.ActiveCfg = Release|Any CPU
		{93F51637-570A-4CA9-9707-CBD9E28CDAC8}.Release|Any CPU.Build.0 = Release|Any CPU
	EndGlobalSection
	GlobalSection(SolutionProperties) = preSolution
		HideSolutionNode = FALSE
	EndGlobalSection
	GlobalSection(ExtensibilityGlobals) = postSolution
		SolutionGuid = {46E854BB-3F85-44FB-B2AC-72A26D2DE9DD}
	EndGlobalSection
EndGlobal
